SITE
  remote: http://community.opscode.com/api/v1
  specs:
    apt (1.8.4)
    build-essential (1.3.4)
    mysql (2.1.2)
      build-essential (>= 0.0.0)
      openssl (>= 0.0.0)
    ohai (1.1.6)
    openssl (1.0.0)
    php (1.1.6)
      build-essential (>= 0.0.0)
      mysql (>= 0.0.0)
      xml (>= 0.0.0)
    php-fpm (0.3.1)
      apt (>= 0.0.0)
      yum (>= 0.0.0)
    runit (1.0.2)
      build-essential (>= 0.0.0)
    xml (1.1.2)
      build-essential (>= 0.0.0)
    yum (2.1.0)

GIT
  remote: git://github.com/escapestudios/chef-beanstalkd.git
  ref: master
  sha: 7248dee591a683d256660ba0e96bb7ae2bdfc3a4
  specs:
    beanstalkd (0.1.0)

GIT
  remote: git://github.com/opscode-cookbooks/nginx.git
  ref: master
  sha: facfc6d2e851570fc69331e6157255d8f82501c1
  specs:
    nginx (1.2.0)
      build-essential (>= 0.0.0)
      ohai (>= 1.1.4)

DEPENDENCIES
  beanstalkd (>= 0)
  nginx (>= 0)
  php (>= 0)
  php-fpm (>= 0)
  runit (>= 0)

